// !$*UTF8*$!
{
	archiveVersion = 1;
	classes = {
	};
	objectVersion = 52;
	objects = {

/* Begin PBXBuildFile section */
		9A11998426F9868800C7C28D /* Camera.swift in Sources */ = {isa = PBXBuildFile; fileRef = 9A11998326F9868800C7C28D /* Camera.swift */; };
		9A205C9427176BC300487507 /* CompareView.swift in Sources */ = {isa = PBXBuildFile; fileRef = 9A205C9327176BC300487507 /* CompareView.swift */; };
		9A262241276FD24900CA1BB2 /* SymbolsPicker.swift in Sources */ = {isa = PBXBuildFile; fileRef = 9A262240276FD24900CA1BB2 /* SymbolsPicker.swift */; };
		9A262244276FD2C200CA1BB2 /* Symbols.swift in Sources */ = {isa = PBXBuildFile; fileRef = 9A262243276FD2C200CA1BB2 /* Symbols.swift */; };
		9A262246276FE8F000CA1BB2 /* Constants.swift in Sources */ = {isa = PBXBuildFile; fileRef = 9A262245276FE8F000CA1BB2 /* Constants.swift */; };
		9A616E0526FBD46A001E59DC /* DateManager.swift in Sources */ = {isa = PBXBuildFile; fileRef = 9A616E0426FBD46A001E59DC /* DateManager.swift */; };
		9A616E0726FBD637001E59DC /* ItemView.swift in Sources */ = {isa = PBXBuildFile; fileRef = 9A616E0626FBD637001E59DC /* ItemView.swift */; };
		9A97A7C726C37B44003E6BA0 /* Image_Progress_TrackerApp.swift in Sources */ = {isa = PBXBuildFile; fileRef = 9A97A7C626C37B44003E6BA0 /* Image_Progress_TrackerApp.swift */; };
		9A97A7C926C37B44003E6BA0 /* ContentView.swift in Sources */ = {isa = PBXBuildFile; fileRef = 9A97A7C826C37B44003E6BA0 /* ContentView.swift */; };
		9A97A7CB26C37B47003E6BA0 /* Assets.xcassets in Resources */ = {isa = PBXBuildFile; fileRef = 9A97A7CA26C37B47003E6BA0 /* Assets.xcassets */; };
		9A97A7CE26C37B47003E6BA0 /* Preview Assets.xcassets in Resources */ = {isa = PBXBuildFile; fileRef = 9A97A7CD26C37B47003E6BA0 /* Preview Assets.xcassets */; };
		9A97A7D926C4AF4D003E6BA0 /* Group.swift in Sources */ = {isa = PBXBuildFile; fileRef = 9A97A7D826C4AF4D003E6BA0 /* Group.swift */; };
		9A97A7DC26C4AFA0003E6BA0 /* Realm in Frameworks */ = {isa = PBXBuildFile; productRef = 9A97A7DB26C4AFA0003E6BA0 /* Realm */; };
		9A97A7DE26C4AFA0003E6BA0 /* RealmSwift in Frameworks */ = {isa = PBXBuildFile; productRef = 9A97A7DD26C4AFA0003E6BA0 /* RealmSwift */; };
		9A97A7E026C4AFD9003E6BA0 /* Item.swift in Sources */ = {isa = PBXBuildFile; fileRef = 9A97A7DF26C4AFD9003E6BA0 /* Item.swift */; };
		9A97A7E226C4B097003E6BA0 /* GroupStore.swift in Sources */ = {isa = PBXBuildFile; fileRef = 9A97A7E126C4B097003E6BA0 /* GroupStore.swift */; };
		9AA07F38277CDD8E00774619 /* CompareSelect.swift in Sources */ = {isa = PBXBuildFile; fileRef = 9AA07F37277CDD8E00774619 /* CompareSelect.swift */; };
		9AA07F5C2782BA6700774619 /* Info.swift in Sources */ = {isa = PBXBuildFile; fileRef = 9AA07F5B2782BA6600774619 /* Info.swift */; };
		9AA07F60278397B300774619 /* Launch Screen.storyboard in Resources */ = {isa = PBXBuildFile; fileRef = 9AA07F5F278397B200774619 /* Launch Screen.storyboard */; };
		9AD52EA726D1D54A0026D57C /* ImageManager.swift in Sources */ = {isa = PBXBuildFile; fileRef = 9AD52EA626D1D54A0026D57C /* ImageManager.swift */; };
		9AE455DB26C8B4FD00AF5179 /* ItemsView.swift in Sources */ = {isa = PBXBuildFile; fileRef = 9AE455DA26C8B4FD00AF5179 /* ItemsView.swift */; };
		9AE455DF26C8BF5B00AF5179 /* AddingGroupForm.swift in Sources */ = {isa = PBXBuildFile; fileRef = 9AE455DE26C8BF5B00AF5179 /* AddingGroupForm.swift */; };
		9AE455E326C8C43300AF5179 /* AddingItemForm.swift in Sources */ = {isa = PBXBuildFile; fileRef = 9AE455E226C8C43300AF5179 /* AddingItemForm.swift */; };
		9AE455E526C976CF00AF5179 /* ImagePicker.swift in Sources */ = {isa = PBXBuildFile; fileRef = 9AE455E426C976CF00AF5179 /* ImagePicker.swift */; };
/* End PBXBuildFile section */

/* Begin PBXFileReference section */
		9A11998326F9868800C7C28D /* Camera.swift */ = {isa = PBXFileReference; lastKnownFileType = sourcecode.swift; path = Camera.swift; sourceTree = "<group>"; };
		9A205C9327176BC300487507 /* CompareView.swift */ = {isa = PBXFileReference; lastKnownFileType = sourcecode.swift; path = CompareView.swift; sourceTree = "<group>"; };
		9A262240276FD24900CA1BB2 /* SymbolsPicker.swift */ = {isa = PBXFileReference; lastKnownFileType = sourcecode.swift; path = SymbolsPicker.swift; sourceTree = "<group>"; };
		9A262243276FD2C200CA1BB2 /* Symbols.swift */ = {isa = PBXFileReference; lastKnownFileType = sourcecode.swift; path = Symbols.swift; sourceTree = "<group>"; };
		9A262245276FE8F000CA1BB2 /* Constants.swift */ = {isa = PBXFileReference; lastKnownFileType = sourcecode.swift; path = Constants.swift; sourceTree = "<group>"; };
		9A616E0426FBD46A001E59DC /* DateManager.swift */ = {isa = PBXFileReference; lastKnownFileType = sourcecode.swift; path = DateManager.swift; sourceTree = "<group>"; };
		9A616E0626FBD637001E59DC /* ItemView.swift */ = {isa = PBXFileReference; lastKnownFileType = sourcecode.swift; path = ItemView.swift; sourceTree = "<group>"; };
		9A97A7C326C37B44003E6BA0 /* Image Progress Tracker.app */ = {isa = PBXFileReference; explicitFileType = wrapper.application; includeInIndex = 0; path = "Image Progress Tracker.app"; sourceTree = BUILT_PRODUCTS_DIR; };
		9A97A7C626C37B44003E6BA0 /* Image_Progress_TrackerApp.swift */ = {isa = PBXFileReference; lastKnownFileType = sourcecode.swift; path = Image_Progress_TrackerApp.swift; sourceTree = "<group>"; };
		9A97A7C826C37B44003E6BA0 /* ContentView.swift */ = {isa = PBXFileReference; lastKnownFileType = sourcecode.swift; path = ContentView.swift; sourceTree = "<group>"; };
		9A97A7CA26C37B47003E6BA0 /* Assets.xcassets */ = {isa = PBXFileReference; lastKnownFileType = folder.assetcatalog; path = Assets.xcassets; sourceTree = "<group>"; };
		9A97A7CD26C37B47003E6BA0 /* Preview Assets.xcassets */ = {isa = PBXFileReference; lastKnownFileType = folder.assetcatalog; path = "Preview Assets.xcassets"; sourceTree = "<group>"; };
		9A97A7CF26C37B47003E6BA0 /* Info.plist */ = {isa = PBXFileReference; lastKnownFileType = text.plist.xml; path = Info.plist; sourceTree = "<group>"; };
		9A97A7D826C4AF4D003E6BA0 /* Group.swift */ = {isa = PBXFileReference; lastKnownFileType = sourcecode.swift; path = Group.swift; sourceTree = "<group>"; };
		9A97A7DF26C4AFD9003E6BA0 /* Item.swift */ = {isa = PBXFileReference; lastKnownFileType = sourcecode.swift; path = Item.swift; sourceTree = "<group>"; };
		9A97A7E126C4B097003E6BA0 /* GroupStore.swift */ = {isa = PBXFileReference; lastKnownFileType = sourcecode.swift; path = GroupStore.swift; sourceTree = "<group>"; };
		9AA07F37277CDD8E00774619 /* CompareSelect.swift */ = {isa = PBXFileReference; lastKnownFileType = sourcecode.swift; path = CompareSelect.swift; sourceTree = "<group>"; };
		9AA07F5B2782BA6600774619 /* Info.swift */ = {isa = PBXFileReference; lastKnownFileType = sourcecode.swift; path = Info.swift; sourceTree = "<group>"; };
		9AA07F5F278397B200774619 /* Launch Screen.storyboard */ = {isa = PBXFileReference; lastKnownFileType = file.storyboard; path = "Launch Screen.storyboard"; sourceTree = "<group>"; };
		9AD52EA626D1D54A0026D57C /* ImageManager.swift */ = {isa = PBXFileReference; lastKnownFileType = sourcecode.swift; path = ImageManager.swift; sourceTree = "<group>"; };
		9AE455DA26C8B4FD00AF5179 /* ItemsView.swift */ = {isa = PBXFileReference; lastKnownFileType = sourcecode.swift; path = ItemsView.swift; sourceTree = "<group>"; };
		9AE455DE26C8BF5B00AF5179 /* AddingGroupForm.swift */ = {isa = PBXFileReference; lastKnownFileType = sourcecode.swift; path = AddingGroupForm.swift; sourceTree = "<group>"; };
		9AE455E226C8C43300AF5179 /* AddingItemForm.swift */ = {isa = PBXFileReference; lastKnownFileType = sourcecode.swift; path = AddingItemForm.swift; sourceTree = "<group>"; };
		9AE455E426C976CF00AF5179 /* ImagePicker.swift */ = {isa = PBXFileReference; lastKnownFileType = sourcecode.swift; path = ImagePicker.swift; sourceTree = "<group>"; };
/* End PBXFileReference section */

/* Begin PBXFrameworksBuildPhase section */
		9A97A7C026C37B44003E6BA0 /* Frameworks */ = {
			isa = PBXFrameworksBuildPhase;
			buildActionMask = 2147483647;
			files = (
				9A97A7DE26C4AFA0003E6BA0 /* RealmSwift in Frameworks */,
				9A97A7DC26C4AFA0003E6BA0 /* Realm in Frameworks */,
			);
			runOnlyForDeploymentPostprocessing = 0;
		};
/* End PBXFrameworksBuildPhase section */

/* Begin PBXGroup section */
		9A262242276FD2A400CA1BB2 /* Utility */ = {
			isa = PBXGroup;
			children = (
				9A616E0426FBD46A001E59DC /* DateManager.swift */,
				9AD52EA626D1D54A0026D57C /* ImageManager.swift */,
				9A262243276FD2C200CA1BB2 /* Symbols.swift */,
				9A262245276FE8F000CA1BB2 /* Constants.swift */,
			);
			path = Utility;
			sourceTree = "<group>";
		};
		9A97A7BA26C37B44003E6BA0 = {
			isa = PBXGroup;
			children = (
				9A97A7C526C37B44003E6BA0 /* Image Progress Tracker */,
				9A97A7C426C37B44003E6BA0 /* Products */,
			);
			sourceTree = "<group>";
		};
		9A97A7C426C37B44003E6BA0 /* Products */ = {
			isa = PBXGroup;
			children = (
				9A97A7C326C37B44003E6BA0 /* Image Progress Tracker.app */,
			);
			name = Products;
			sourceTree = "<group>";
		};
		9A97A7C526C37B44003E6BA0 /* Image Progress Tracker */ = {
			isa = PBXGroup;
			children = (
				9A262242276FD2A400CA1BB2 /* Utility */,
				9A97A7D726C4AF38003E6BA0 /* Views */,
				9A97A7D626C4AF33003E6BA0 /* View Models */,
				9A97A7D526C4AF29003E6BA0 /* Models */,
				9A97A7C626C37B44003E6BA0 /* Image_Progress_TrackerApp.swift */,
				9A97A7CA26C37B47003E6BA0 /* Assets.xcassets */,
				9A97A7CF26C37B47003E6BA0 /* Info.plist */,
				9A97A7CC26C37B47003E6BA0 /* Preview Content */,
				9AA07F5F278397B200774619 /* Launch Screen.storyboard */,
			);
			path = "Image Progress Tracker";
			sourceTree = "<group>";
		};
		9A97A7CC26C37B47003E6BA0 /* Preview Content */ = {
			isa = PBXGroup;
			children = (
				9A97A7CD26C37B47003E6BA0 /* Preview Assets.xcassets */,
			);
			path = "Preview Content";
			sourceTree = "<group>";
		};
		9A97A7D526C4AF29003E6BA0 /* Models */ = {
			isa = PBXGroup;
			children = (
				9A97A7D826C4AF4D003E6BA0 /* Group.swift */,
				9A97A7DF26C4AFD9003E6BA0 /* Item.swift */,
			);
			path = Models;
			sourceTree = "<group>";
		};
		9A97A7D626C4AF33003E6BA0 /* View Models */ = {
			isa = PBXGroup;
			children = (
				9A97A7E126C4B097003E6BA0 /* GroupStore.swift */,
			);
			path = "View Models";
			sourceTree = "<group>";
		};
		9A97A7D726C4AF38003E6BA0 /* Views */ = {
			isa = PBXGroup;
			children = (
				9AA07F36277CDC5F00774619 /* Compare */,
				9A97A7C826C37B44003E6BA0 /* ContentView.swift */,
				9AE455DA26C8B4FD00AF5179 /* ItemsView.swift */,
				9AE455DE26C8BF5B00AF5179 /* AddingGroupForm.swift */,
				9AE455E226C8C43300AF5179 /* AddingItemForm.swift */,
				9AE455E426C976CF00AF5179 /* ImagePicker.swift */,
				9A11998326F9868800C7C28D /* Camera.swift */,
				9A616E0626FBD637001E59DC /* ItemView.swift */,
				9A262240276FD24900CA1BB2 /* SymbolsPicker.swift */,
				9AA07F5B2782BA6600774619 /* Info.swift */,
			);
			path = Views;
			sourceTree = "<group>";
		};
		9AA07F36277CDC5F00774619 /* Compare */ = {
			isa = PBXGroup;
			children = (
				9A205C9327176BC300487507 /* CompareView.swift */,
				9AA07F37277CDD8E00774619 /* CompareSelect.swift */,
			);
			path = Compare;
			sourceTree = "<group>";
		};
/* End PBXGroup section */

/* Begin PBXNativeTarget section */
		9A97A7C226C37B44003E6BA0 /* Image Progress Tracker */ = {
			isa = PBXNativeTarget;
			buildConfigurationList = 9A97A7D226C37B47003E6BA0 /* Build configuration list for PBXNativeTarget "Image Progress Tracker" */;
			buildPhases = (
				9A97A7BF26C37B44003E6BA0 /* Sources */,
				9A97A7C026C37B44003E6BA0 /* Frameworks */,
				9A97A7C126C37B44003E6BA0 /* Resources */,
			);
			buildRules = (
			);
			dependencies = (
			);
			name = "Image Progress Tracker";
			packageProductDependencies = (
				9A97A7DB26C4AFA0003E6BA0 /* Realm */,
				9A97A7DD26C4AFA0003E6BA0 /* RealmSwift */,
			);
			productName = "Image Progress Tracker";
			productReference = 9A97A7C326C37B44003E6BA0 /* Image Progress Tracker.app */;
			productType = "com.apple.product-type.application";
		};
/* End PBXNativeTarget section */

/* Begin PBXProject section */
		9A97A7BB26C37B44003E6BA0 /* Project object */ = {
			isa = PBXProject;
			attributes = {
				LastSwiftUpdateCheck = 1250;
				LastUpgradeCheck = 1250;
				TargetAttributes = {
					9A97A7C226C37B44003E6BA0 = {
						CreatedOnToolsVersion = 12.5.1;
					};
				};
			};
			buildConfigurationList = 9A97A7BE26C37B44003E6BA0 /* Build configuration list for PBXProject "Image Progress Tracker" */;
			compatibilityVersion = "Xcode 9.3";
			developmentRegion = en;
			hasScannedForEncodings = 0;
			knownRegions = (
				en,
				Base,
			);
			mainGroup = 9A97A7BA26C37B44003E6BA0;
			packageReferences = (
				9A97A7DA26C4AFA0003E6BA0 /* XCRemoteSwiftPackageReference "realm-cocoa" */,
			);
			productRefGroup = 9A97A7C426C37B44003E6BA0 /* Products */;
			projectDirPath = "";
			projectRoot = "";
			targets = (
				9A97A7C226C37B44003E6BA0 /* Image Progress Tracker */,
			);
		};
/* End PBXProject section */

/* Begin PBXResourcesBuildPhase section */
		9A97A7C126C37B44003E6BA0 /* Resources */ = {
			isa = PBXResourcesBuildPhase;
			buildActionMask = 2147483647;
			files = (
				9AA07F60278397B300774619 /* Launch Screen.storyboard in Resources */,
				9A97A7CE26C37B47003E6BA0 /* Preview Assets.xcassets in Resources */,
				9A97A7CB26C37B47003E6BA0 /* Assets.xcassets in Resources */,
			);
			runOnlyForDeploymentPostprocessing = 0;
		};
/* End PBXResourcesBuildPhase section */

/* Begin PBXSourcesBuildPhase section */
		9A97A7BF26C37B44003E6BA0 /* Sources */ = {
			isa = PBXSourcesBuildPhase;
			buildActionMask = 2147483647;
			files = (
				9A11998426F9868800C7C28D /* Camera.swift in Sources */,
				9A262246276FE8F000CA1BB2 /* Constants.swift in Sources */,
				9A262244276FD2C200CA1BB2 /* Symbols.swift in Sources */,
				9A262241276FD24900CA1BB2 /* SymbolsPicker.swift in Sources */,
				9A616E0526FBD46A001E59DC /* DateManager.swift in Sources */,
				9AA07F38277CDD8E00774619 /* CompareSelect.swift in Sources */,
				9A97A7E026C4AFD9003E6BA0 /* Item.swift in Sources */,
				9AD52EA726D1D54A0026D57C /* ImageManager.swift in Sources */,
				9AA07F5C2782BA6700774619 /* Info.swift in Sources */,
				9AE455E326C8C43300AF5179 /* AddingItemForm.swift in Sources */,
				9AE455DB26C8B4FD00AF5179 /* ItemsView.swift in Sources */,
				9AE455E526C976CF00AF5179 /* ImagePicker.swift in Sources */,
				9AE455DF26C8BF5B00AF5179 /* AddingGroupForm.swift in Sources */,
				9A97A7D926C4AF4D003E6BA0 /* Group.swift in Sources */,
				9A616E0726FBD637001E59DC /* ItemView.swift in Sources */,
				9A97A7C926C37B44003E6BA0 /* ContentView.swift in Sources */,
				9A97A7E226C4B097003E6BA0 /* GroupStore.swift in Sources */,
				9A205C9427176BC300487507 /* CompareView.swift in Sources */,
				9A97A7C726C37B44003E6BA0 /* Image_Progress_TrackerApp.swift in Sources */,
			);
			runOnlyForDeploymentPostprocessing = 0;
		};
/* End PBXSourcesBuildPhase section */

/* Begin XCBuildConfiguration section */
		9A97A7D026C37B47003E6BA0 /* Debug */ = {
			isa = XCBuildConfiguration;
			buildSettings = {
				ALWAYS_SEARCH_USER_PATHS = NO;
				CLANG_ANALYZER_NONNULL = YES;
				CLANG_ANALYZER_NUMBER_OBJECT_CONVERSION = YES_AGGRESSIVE;
				CLANG_CXX_LANGUAGE_STANDARD = "gnu++14";
				CLANG_CXX_LIBRARY = "libc++";
				CLANG_ENABLE_MODULES = YES;
				CLANG_ENABLE_OBJC_ARC = YES;
				CLANG_ENABLE_OBJC_WEAK = YES;
				CLANG_WARN_BLOCK_CAPTURE_AUTORELEASING = YES;
				CLANG_WARN_BOOL_CONVERSION = YES;
				CLANG_WARN_COMMA = YES;
				CLANG_WARN_CONSTANT_CONVERSION = YES;
				CLANG_WARN_DEPRECATED_OBJC_IMPLEMENTATIONS = YES;
				CLANG_WARN_DIRECT_OBJC_ISA_USAGE = YES_ERROR;
				CLANG_WARN_DOCUMENTATION_COMMENTS = YES;
				CLANG_WARN_EMPTY_BODY = YES;
				CLANG_WARN_ENUM_CONVERSION = YES;
				CLANG_WARN_INFINITE_RECURSION = YES;
				CLANG_WARN_INT_CONVERSION = YES;
				CLANG_WARN_NON_LITERAL_NULL_CONVERSION = YES;
				CLANG_WARN_OBJC_IMPLICIT_RETAIN_SELF = YES;
				CLANG_WARN_OBJC_LITERAL_CONVERSION = YES;
				CLANG_WARN_OBJC_ROOT_CLASS = YES_ERROR;
				CLANG_WARN_QUOTED_INCLUDE_IN_FRAMEWORK_HEADER = YES;
				CLANG_WARN_RANGE_LOOP_ANALYSIS = YES;
				CLANG_WARN_STRICT_PROTOTYPES = YES;
				CLANG_WARN_SUSPICIOUS_MOVE = YES;
				CLANG_WARN_UNGUARDED_AVAILABILITY = YES_AGGRESSIVE;
				CLANG_WARN_UNREACHABLE_CODE = YES;
				CLANG_WARN__DUPLICATE_METHOD_MATCH = YES;
				COPY_PHASE_STRIP = NO;
				DEBUG_INFORMATION_FORMAT = dwarf;
				ENABLE_STRICT_OBJC_MSGSEND = YES;
				ENABLE_TESTABILITY = YES;
				GCC_C_LANGUAGE_STANDARD = gnu11;
				GCC_DYNAMIC_NO_PIC = NO;
				GCC_NO_COMMON_BLOCKS = YES;
				GCC_OPTIMIZATION_LEVEL = 0;
				GCC_PREPROCESSOR_DEFINITIONS = (
					"DEBUG=1",
					"$(inherited)",
				);
				GCC_WARN_64_TO_32_BIT_CONVERSION = YES;
				GCC_WARN_ABOUT_RETURN_TYPE = YES_ERROR;
				GCC_WARN_UNDECLARED_SELECTOR = YES;
				GCC_WARN_UNINITIALIZED_AUTOS = YES_AGGRESSIVE;
				GCC_WARN_UNUSED_FUNCTION = YES;
				GCC_WARN_UNUSED_VARIABLE = YES;
				IPHONEOS_DEPLOYMENT_TARGET = 14.5;
				MTL_ENABLE_DEBUG_INFO = INCLUDE_SOURCE;
				MTL_FAST_MATH = YES;
				ONLY_ACTIVE_ARCH = YES;
				SDKROOT = iphoneos;
				SWIFT_ACTIVE_COMPILATION_CONDITIONS = DEBUG;
				SWIFT_OPTIMIZATION_LEVEL = "-Onone";
			};
			name = Debug;
		};
		9A97A7D126C37B47003E6BA0 /* Release */ = {
			isa = XCBuildConfiguration;
			buildSettings = {
				ALWAYS_SEARCH_USER_PATHS = NO;
				CLANG_ANALYZER_NONNULL = YES;
				CLANG_ANALYZER_NUMBER_OBJECT_CONVERSION = YES_AGGRESSIVE;
				CLANG_CXX_LANGUAGE_STANDARD = "gnu++14";
				CLANG_CXX_LIBRARY = "libc++";
				CLANG_ENABLE_MODULES = YES;
				CLANG_ENABLE_OBJC_ARC = YES;
				CLANG_ENABLE_OBJC_WEAK = YES;
				CLANG_WARN_BLOCK_CAPTURE_AUTORELEASING = YES;
				CLANG_WARN_BOOL_CONVERSION = YES;
				CLANG_WARN_COMMA = YES;
				CLANG_WARN_CONSTANT_CONVERSION = YES;
				CLANG_WARN_DEPRECATED_OBJC_IMPLEMENTATIONS = YES;
				CLANG_WARN_DIRECT_OBJC_ISA_USAGE = YES_ERROR;
				CLANG_WARN_DOCUMENTATION_COMMENTS = YES;
				CLANG_WARN_EMPTY_BODY = YES;
				CLANG_WARN_ENUM_CONVERSION = YES;
				CLANG_WARN_INFINITE_RECURSION = YES;
				CLANG_WARN_INT_CONVERSION = YES;
				CLANG_WARN_NON_LITERAL_NULL_CONVERSION = YES;
				CLANG_WARN_OBJC_IMPLICIT_RETAIN_SELF = YES;
				CLANG_WARN_OBJC_LITERAL_CONVERSION = YES;
				CLANG_WARN_OBJC_ROOT_CLASS = YES_ERROR;
				CLANG_WARN_QUOTED_INCLUDE_IN_FRAMEWORK_HEADER = YES;
				CLANG_WARN_RANGE_LOOP_ANALYSIS = YES;
				CLANG_WARN_STRICT_PROTOTYPES = YES;
				CLANG_WARN_SUSPICIOUS_MOVE = YES;
				CLANG_WARN_UNGUARDED_AVAILABILITY = YES_AGGRESSIVE;
				CLANG_WARN_UNREACHABLE_CODE = YES;
				CLANG_WARN__DUPLICATE_METHOD_MATCH = YES;
				COPY_PHASE_STRIP = NO;
				DEBUG_INFORMATION_FORMAT = "dwarf-with-dsym";
				ENABLE_NS_ASSERTIONS = NO;
				ENABLE_STRICT_OBJC_MSGSEND = YES;
				GCC_C_LANGUAGE_STANDARD = gnu11;
				GCC_NO_COMMON_BLOCKS = YES;
				GCC_WARN_64_TO_32_BIT_CONVERSION = YES;
				GCC_WARN_ABOUT_RETURN_TYPE = YES_ERROR;
				GCC_WARN_UNDECLARED_SELECTOR = YES;
				GCC_WARN_UNINITIALIZED_AUTOS = YES_AGGRESSIVE;
				GCC_WARN_UNUSED_FUNCTION = YES;
				GCC_WARN_UNUSED_VARIABLE = YES;
				IPHONEOS_DEPLOYMENT_TARGET = 14.5;
				MTL_ENABLE_DEBUG_INFO = NO;
				MTL_FAST_MATH = YES;
				SDKROOT = iphoneos;
				SWIFT_COMPILATION_MODE = wholemodule;
				SWIFT_OPTIMIZATION_LEVEL = "-O";
				VALIDATE_PRODUCT = YES;
			};
			name = Release;
		};
		9A97A7D326C37B47003E6BA0 /* Debug */ = {
			isa = XCBuildConfiguration;
			buildSettings = {
				ASSETCATALOG_COMPILER_APPICON_NAME = AppIcon;
				ASSETCATALOG_COMPILER_GLOBAL_ACCENT_COLOR_NAME = AccentColor;
				ASSETCATALOG_COMPILER_INCLUDE_ALL_APPICON_ASSETS = NO;
				CODE_SIGN_IDENTITY = "Apple Development";
				CODE_SIGN_STYLE = Automatic;
				DEVELOPMENT_ASSET_PATHS = "\"Image Progress Tracker/Preview Content\"";
				DEVELOPMENT_TEAM = M7CK97K3HD;
				ENABLE_PREVIEWS = YES;
				INFOPLIST_FILE = "Image Progress Tracker/Info.plist";
				IPHONEOS_DEPLOYMENT_TARGET = 15.0;
				LD_RUNPATH_SEARCH_PATHS = (
					"$(inherited)",
					"@executable_path/Frameworks",
				);
				MARKETING_VERSION = 1.0.1;
				PRODUCT_BUNDLE_IDENTIFIER = com.maxxu.tracker;
				PRODUCT_NAME = "$(TARGET_NAME)";
				PROVISIONING_PROFILE_SPECIFIER = "";
				SWIFT_VERSION = 5.0;
				TARGETED_DEVICE_FAMILY = 1;
			};
			name = Debug;
		};
		9A97A7D426C37B47003E6BA0 /* Release */ = {
			isa = XCBuildConfiguration;
			buildSettings = {
				ASSETCATALOG_COMPILER_APPICON_NAME = AppIcon;
				ASSETCATALOG_COMPILER_GLOBAL_ACCENT_COLOR_NAME = AccentColor;
				ASSETCATALOG_COMPILER_INCLUDE_ALL_APPICON_ASSETS = NO;
				CODE_SIGN_IDENTITY = "Apple Development";
				CODE_SIGN_STYLE = Automatic;
				DEVELOPMENT_ASSET_PATHS = "\"Image Progress Tracker/Preview Content\"";
				DEVELOPMENT_TEAM = M7CK97K3HD;
				ENABLE_PREVIEWS = YES;
				INFOPLIST_FILE = "Image Progress Tracker/Info.plist";
				IPHONEOS_DEPLOYMENT_TARGET = 15.0;
				LD_RUNPATH_SEARCH_PATHS = (
					"$(inherited)",
					"@executable_path/Frameworks",
				);
				MARKETING_VERSION = 1.0.1;
				PRODUCT_BUNDLE_IDENTIFIER = com.maxxu.tracker;
				PRODUCT_NAME = "$(TARGET_NAME)";
				PROVISIONING_PROFILE_SPECIFIER = "";
				SWIFT_VERSION = 5.0;
				TARGETED_DEVICE_FAMILY = 1;
			};
			name = Release;
		};
/* End XCBuildConfiguration section */

/* Begin XCConfigurationList section */
		9A97A7BE26C37B44003E6BA0 /* Build configuration list for PBXProject "Image Progress Tracker" */ = {
			isa = XCConfigurationList;
			buildConfigurations = (
				9A97A7D026C37B47003E6BA0 /* Debug */,
				9A97A7D126C37B47003E6BA0 /* Release */,
			);
			defaultConfigurationIsVisible = 0;
			defaultConfigurationName = Release;
		};
		9A97A7D226C37B47003E6BA0 /* Build configuration list for PBXNativeTarget "Image Progress Tracker" */ = {
			isa = XCConfigurationList;
			buildConfigurations = (
				9A97A7D326C37B47003E6BA0 /* Debug */,
				9A97A7D426C37B47003E6BA0 /* Release */,
			);
			defaultConfigurationIsVisible = 0;
			defaultConfigurationName = Release;
		};
/* End XCConfigurationList section */

/* Begin XCRemoteSwiftPackageReference section */
		9A97A7DA26C4AFA0003E6BA0 /* XCRemoteSwiftPackageReference "realm-cocoa" */ = {
			isa = XCRemoteSwiftPackageReference;
			repositoryURL = "https://github.com/realm/realm-cocoa.git";
			requirement = {
				kind = upToNextMajorVersion;
				minimumVersion = 10.12.0;
			};
		};
/* End XCRemoteSwiftPackageReference section */

/* Begin XCSwiftPackageProductDependency section */
		9A97A7DB26C4AFA0003E6BA0 /* Realm */ = {
			isa = XCSwiftPackageProductDependency;
			package = 9A97A7DA26C4AFA0003E6BA0 /* XCRemoteSwiftPackageReference "realm-cocoa" */;
			productName = Realm;
		};
		9A97A7DD26C4AFA0003E6BA0 /* RealmSwift */ = {
			isa = XCSwiftPackageProductDependency;
			package = 9A97A7DA26C4AFA0003E6BA0 /* XCRemoteSwiftPackageReference "realm-cocoa" */;
			productName = RealmSwift;
		};
/* End XCSwiftPackageProductDependency section */
	};
	rootObject = 9A97A7BB26C37B44003E6BA0 /* Project object */;
}
